{
  "name": "KICS-PSSA-Data",
  "lockfileVersion": 3,
  "requires": true,
  "packages": {
    "": {
      "dependencies": {
        "statistics.js": "^1.0.0"
      }
    },
    "node_modules/statistics.js": {
      "version": "1.0.0",
      "resolved": "https://registry.npmjs.org/statistics.js/-/statistics.js-1.0.0.tgz",
      "integrity": "sha512-02+/LzVgoXUQ1PKqq3Z6TQeAX72ykAispsSp7JhimWgv5q7SLhi24rzXthDpteLloihmmLiui22Ygu4VEWOK5g=="
    }
  }
}
